github.com/jarcoal/httpmock v1.3.1 h1:iUx3whfZWVf3jT01hQTO/Eo5sAYtB2/rqaUuOtpInww=
github.com/openfga/go-sdk v0.3.3 h1:eMZGCEDW/sz9S3gNxbpO5rNpDezz7cjT+zwjpDgqTt0=
github.com/openfga/go-sdk v0.3.3/go.mod h1:W4SNYMSxptGOtA9aGYxsYUmSC7LaZYP7y9qbT36ouCc=
golang.org/x/sync v0.6.0 h1:5BMeUDZ7vkXGfEr1x9B4bRcTH4lpkTkpdh0T/J+qjbQ=
golang.org/x/sync v0.6.0/go.mod h1:Czt+wKu1gCyEFDUtn0jG5QVvpJ6rzVqr5aXyt9drQfk=
